
Microsoft Visual Studio Solution File, Format Version 12.00
# Visual Studio Version 16
VisualStudioVersion = 16.0.30204.135
MinimumVisualStudioVersion = 10.0.40219.1
Project("{8BC9CEB8-8B4A-11D0-8D11-00A0C91BC942}") = "Atlas", "Atlas\Atlas.vcxproj", "{A8CED65B-1875-42B0-BB75-65B981921D18}"
EndProject
Project("{8BC9CEB8-8B4A-11D0-8D11-00A0C91BC942}") = "Tester", "Tester\Tester.vcxproj", "{EFE2884F-CAE5-46E4-8047-93D6A9A54C11}"
EndProject
Project("{8BC9CEB8-8B4A-11D0-8D11-00A0C91BC942}") = "GLAD", "Atlas\vendor\GLAD\GLAD.vcxproj", "{5D4A857C-4981-860D-F26D-6C10DE83020F}"
EndProject
Global
	GlobalSection(SolutionConfigurationPlatforms) = preSolution
		Debug|x64 = Debug|x64
		Debug|x86 = Debug|x86
		Dist|x64 = Dist|x64
		Dist|x86 = Dist|x86
		Release|x64 = Release|x64
		Release|x86 = Release|x86
	EndGlobalSection
	GlobalSection(ProjectConfigurationPlatforms) = postSolution
		{A8CED65B-1875-42B0-BB75-65B981921D18}.Debug|x64.ActiveCfg = Debug|x64
		{A8CED65B-1875-42B0-BB75-65B981921D18}.Debug|x64.Build.0 = Debug|x64
		{A8CED65B-1875-42B0-BB75-65B981921D18}.Debug|x86.ActiveCfg = Debug|x64
		{A8CED65B-1875-42B0-BB75-65B981921D18}.Dist|x64.ActiveCfg = Debug|x64
		{A8CED65B-1875-42B0-BB75-65B981921D18}.Dist|x64.Build.0 = Debug|x64
		{A8CED65B-1875-42B0-BB75-65B981921D18}.Dist|x86.ActiveCfg = Release|x64
		{A8CED65B-1875-42B0-BB75-65B981921D18}.Dist|x86.Build.0 = Release|x64
		{A8CED65B-1875-42B0-BB75-65B981921D18}.Release|x64.ActiveCfg = Release|x64
		{A8CED65B-1875-42B0-BB75-65B981921D18}.Release|x64.Build.0 = Release|x64
		{A8CED65B-1875-42B0-BB75-65B981921D18}.Release|x86.ActiveCfg = Release|x64
		{EFE2884F-CAE5-46E4-8047-93D6A9A54C11}.Debug|x64.ActiveCfg = Debug|x64
		{EFE2884F-CAE5-46E4-8047-93D6A9A54C11}.Debug|x64.Build.0 = Debug|x64
		{EFE2884F-CAE5-46E4-8047-93D6A9A54C11}.Debug|x86.ActiveCfg = Debug|x64
		{EFE2884F-CAE5-46E4-8047-93D6A9A54C11}.Dist|x64.ActiveCfg = Debug|x64
		{EFE2884F-CAE5-46E4-8047-93D6A9A54C11}.Dist|x64.Build.0 = Debug|x64
		{EFE2884F-CAE5-46E4-8047-93D6A9A54C11}.Dist|x86.ActiveCfg = Release|x64
		{EFE2884F-CAE5-46E4-8047-93D6A9A54C11}.Dist|x86.Build.0 = Release|x64
		{EFE2884F-CAE5-46E4-8047-93D6A9A54C11}.Release|x64.ActiveCfg = Release|x64
		{EFE2884F-CAE5-46E4-8047-93D6A9A54C11}.Release|x64.Build.0 = Release|x64
		{EFE2884F-CAE5-46E4-8047-93D6A9A54C11}.Release|x86.ActiveCfg = Release|x64
		{5D4A857C-4981-860D-F26D-6C10DE83020F}.Debug|x64.ActiveCfg = Debug|x64
		{5D4A857C-4981-860D-F26D-6C10DE83020F}.Debug|x64.Build.0 = Debug|x64
		{5D4A857C-4981-860D-F26D-6C10DE83020F}.Debug|x86.ActiveCfg = Debug|x64
		{5D4A857C-4981-860D-F26D-6C10DE83020F}.Dist|x64.ActiveCfg = Dist|x64
		{5D4A857C-4981-860D-F26D-6C10DE83020F}.Dist|x64.Build.0 = Dist|x64
		{5D4A857C-4981-860D-F26D-6C10DE83020F}.Dist|x86.ActiveCfg = Dist|x64
		{5D4A857C-4981-860D-F26D-6C10DE83020F}.Release|x64.ActiveCfg = Release|x64
		{5D4A857C-4981-860D-F26D-6C10DE83020F}.Release|x64.Build.0 = Release|x64
		{5D4A857C-4981-860D-F26D-6C10DE83020F}.Release|x86.ActiveCfg = Release|x64
	EndGlobalSection
	GlobalSection(SolutionProperties) = preSolution
		HideSolutionNode = FALSE
	EndGlobalSection
	GlobalSection(ExtensibilityGlobals) = postSolution
		SolutionGuid = {44E5D12C-F569-4592-BD2B-01ECF4FFD61C}
	EndGlobalSection
EndGlobal
